{
  "name": "workers-graphql-server",
  "version": "1.1.1",
  "lockfileVersion": 1,
  "requires": true,
  "dependencies": {
    "@apollo/protobufjs": {
      "version": "1.2.7",
      "resolved": "https://registry.npmjs.org/@apollo/protobufjs/-/protobufjs-1.2.7.tgz",
      "integrity": "sha512-Lahx5zntHPZia35myYDBRuF58tlwPskwHc5CWBZC/4bMKB6siTBWwtMrkqXcsNwQiFSzSx5hKdRPUmemrEp3Gg==",
      "requires": {
        "@protobufjs/aspromise": "^1.1.2",
        "@protobufjs/base64": "^1.1.2",
        "@protobufjs/codegen": "^2.0.4",
        "@protobufjs/eventemitter": "^1.1.0",
        "@protobufjs/fetch": "^1.1.0",
        "@protobufjs/float": "^1.0.2",
        "@protobufjs/inquire": "^1.1.0",
        "@protobufjs/path": "^1.1.2",
        "@protobufjs/pool": "^1.1.0",
        "@protobufjs/utf8": "^1.1.0",
        "@types/long": "^4.0.0",
        "long": "^4.0.0"
      }
    },
    "@apollo/usage-reporting-protobuf": {
      "version": "4.1.1",
      "resolved": "https://registry.npmjs.org/@apollo/usage-reporting-protobuf/-/usage-reporting-protobuf-4.1.1.tgz",
      "integrity": "sha512-u40dIUePHaSKVshcedO7Wp+mPiZsaU6xjv9J+VyxpoU/zL6Jle+9zWeG98tr/+SZ0nZ4OXhrbb8SNr0rAPpIDA==",
      "requires": {
        "@apollo/protobufjs": "1.2.7"
      }
    },
    "@apollo/utils.dropunuseddefinitions": {
      "version": "1.1.0",
      "resolved": "https://registry.npmjs.org/@apollo/utils.dropunuseddefinitions/-/utils.dropunuseddefinitions-1.1.0.tgz",
      "integrity": "sha512-jU1XjMr6ec9pPoL+BFWzEPW7VHHulVdGKMkPAMiCigpVIT11VmCbnij0bWob8uS3ODJ65tZLYKAh/55vLw2rbg=="
    },
    "@apollo/utils.keyvaluecache": {
      "version": "1.0.2",
      "resolved": "https://registry.npmjs.org/@apollo/utils.keyvaluecache/-/utils.keyvaluecache-1.0.2.tgz",
      "integrity": "sha512-p7PVdLPMnPzmXSQVEsy27cYEjVON+SH/Wb7COyW3rQN8+wJgT1nv9jZouYtztWW8ZgTkii5T6tC9qfoDREd4mg==",
      "requires": {
        "@apollo/utils.logger": "^1.0.0",
        "lru-cache": "7.10.1 - 7.13.1"
      }
    },
    "@apollo/utils.logger": {
      "version": "1.0.1",
      "resolved": "https://registry.npmjs.org/@apollo/utils.logger/-/utils.logger-1.0.1.tgz",
      "integrity": "sha512-XdlzoY7fYNK4OIcvMD2G94RoFZbzTQaNP0jozmqqMudmaGo2I/2Jx71xlDJ801mWA/mbYRihyaw6KJii7k5RVA=="
    },
    "@apollo/utils.printwithreducedwhitespace": {
      "version": "1.1.0",
      "resolved": "https://registry.npmjs.org/@apollo/utils.printwithreducedwhitespace/-/utils.printwithreducedwhitespace-1.1.0.tgz",
      "integrity": "sha512-GfFSkAv3n1toDZ4V6u2d7L4xMwLA+lv+6hqXicMN9KELSJ9yy9RzuEXaX73c/Ry+GzRsBy/fdSUGayGqdHfT2Q=="
    },
    "@apollo/utils.removealiases": {
      "version": "1.0.0",
      "resolved": "https://registry.npmjs.org/@apollo/utils.removealiases/-/utils.removealiases-1.0.0.tgz",
      "integrity": "sha512-6cM8sEOJW2LaGjL/0vHV0GtRaSekrPQR4DiywaApQlL9EdROASZU5PsQibe2MWeZCOhNrPRuHh4wDMwPsWTn8A=="
    },
    "@apollo/utils.sortast": {
      "version": "1.1.0",
      "resolved": "https://registry.npmjs.org/@apollo/utils.sortast/-/utils.sortast-1.1.0.tgz",
      "integrity": "sha512-VPlTsmUnOwzPK5yGZENN069y6uUHgeiSlpEhRnLFYwYNoJHsuJq2vXVwIaSmts015WTPa2fpz1inkLYByeuRQA==",
      "requires": {
        "lodash.sortby": "^4.7.0"
      }
    },
    "@apollo/utils.stripsensitiveliterals": {
      "version": "1.2.0",
      "resolved": "https://registry.npmjs.org/@apollo/utils.stripsensitiveliterals/-/utils.stripsensitiveliterals-1.2.0.tgz",
      "integrity": "sha512-E41rDUzkz/cdikM5147d8nfCFVKovXxKBcjvLEQ7bjZm/cg9zEcXvS6vFY8ugTubI3fn6zoqo0CyU8zT+BGP9w=="
    },
    "@apollo/utils.usagereporting": {
      "version": "1.0.1",
      "resolved": "https://registry.npmjs.org/@apollo/utils.usagereporting/-/utils.usagereporting-1.0.1.tgz",
      "integrity": "sha512-6dk+0hZlnDbahDBB2mP/PZ5ybrtCJdLMbeNJD+TJpKyZmSY6bA3SjI8Cr2EM9QA+AdziywuWg+SgbWUF3/zQqQ==",
      "requires": {
        "@apollo/usage-reporting-protobuf": "^4.0.0",
        "@apollo/utils.dropunuseddefinitions": "^1.1.0",
        "@apollo/utils.printwithreducedwhitespace": "^1.1.0",
        "@apollo/utils.removealiases": "1.0.0",
        "@apollo/utils.sortast": "^1.1.0",
        "@apollo/utils.stripsensitiveliterals": "^1.2.0"
      }
    },
    "@apollographql/apollo-tools": {
      "version": "0.5.4",
      "resolved": "https://registry.npmjs.org/@apollographql/apollo-tools/-/apollo-tools-0.5.4.tgz",
      "integrity": "sha512-shM3q7rUbNyXVVRkQJQseXv6bnYM3BUma/eZhwXR4xsuM+bqWnJKvW7SAfRjP7LuSCocrexa5AXhjjawNHrIlw=="
    },
    "@apollographql/graphql-playground-html": {
      "version": "1.6.29",
      "resolved": "https://registry.npmjs.org/@apollographql/graphql-playground-html/-/graphql-playground-html-1.6.29.tgz",
      "integrity": "sha512-xCcXpoz52rI4ksJSdOCxeOCn2DLocxwHf9dVT/Q90Pte1LX+LY+91SFtJF3KXVHH8kEin+g1KKCQPKBjZJfWNA==",
      "requires": {
        "xss": "^1.0.8"
      }
    },
    "@graphql-tools/merge": {
      "version": "8.3.1",
      "resolved": "https://registry.npmjs.org/@graphql-tools/merge/-/merge-8.3.1.tgz",
      "integrity": "sha512-BMm99mqdNZbEYeTPK3it9r9S6rsZsQKtlqJsSBknAclXq2pGEfOxjcIZi+kBSkHZKPKCRrYDd5vY0+rUmIHVLg==",
      "requires": {
        "@graphql-tools/utils": "8.9.0",
        "tslib": "^2.4.0"
      },
      "dependencies": {
        "@graphql-tools/utils": {
          "version": "8.9.0",
          "resolved": "https://registry.npmjs.org/@graphql-tools/utils/-/utils-8.9.0.tgz",
          "integrity": "sha512-pjJIWH0XOVnYGXCqej8g/u/tsfV4LvLlj0eATKQu5zwnxd/TiTHq7Cg313qUPTFFHZ3PP5wJ15chYVtLDwaymg==",
          "requires": {
            "tslib": "^2.4.0"
          }
        }
      }
    },
    "@graphql-tools/mock": {
      "version": "8.7.20",
      "resolved": "https://registry.npmjs.org/@graphql-tools/mock/-/mock-8.7.20.tgz",
      "integrity": "sha512-ljcHSJWjC/ZyzpXd5cfNhPI7YljRVvabKHPzKjEs5ElxWu2cdlLGvyNYepApXDsM/OJG/2xuhGM+9GWu5gEAPQ==",
      "requires": {
        "@graphql-tools/schema": "^9.0.18",
        "@graphql-tools/utils": "^9.2.1",
        "fast-json-stable-stringify": "^2.1.0",
        "tslib": "^2.4.0"
      },
      "dependencies": {
        "@graphql-tools/merge": {
          "version": "8.4.2",
          "resolved": "https://registry.npmjs.org/@graphql-tools/merge/-/merge-8.4.2.tgz",
          "integrity": "sha512-XbrHAaj8yDuINph+sAfuq3QCZ/tKblrTLOpirK0+CAgNlZUCHs0Fa+xtMUURgwCVThLle1AF7svJCxFizygLsw==",
          "requires": {
            "@graphql-tools/utils": "^9.2.1",
            "tslib": "^2.4.0"
          }
        },
        "@graphql-tools/schema": {
          "version": "9.0.19",
          "resolved": "https://registry.npmjs.org/@graphql-tools/schema/-/schema-9.0.19.tgz",
          "integrity": "sha512-oBRPoNBtCkk0zbUsyP4GaIzCt8C0aCI4ycIRUL67KK5pOHljKLBBtGT+Jr6hkzA74C8Gco8bpZPe7aWFjiaK2w==",
          "requires": {
            "@graphql-tools/merge": "^8.4.1",
            "@graphql-tools/utils": "^9.2.1",
            "tslib": "^2.4.0",
            "value-or-promise": "^1.0.12"
          }
        },
        "value-or-promise": {
          "version": "1.0.12",
          "resolved": "https://registry.npmjs.org/value-or-promise/-/value-or-promise-1.0.12.tgz",
          "integrity": "sha512-Z6Uz+TYwEqE7ZN50gwn+1LCVo9ZVrpxRPOhOLnncYkY1ZzOYtrX8Fwf/rFktZ8R5mJms6EZf5TqNOMeZmnPq9Q=="
        }
      }
    },
    "@graphql-tools/schema": {
      "version": "8.5.1",
      "resolved": "https://registry.npmjs.org/@graphql-tools/schema/-/schema-8.5.1.tgz",
      "integrity": "sha512-0Esilsh0P/qYcB5DKQpiKeQs/jevzIadNTaT0jeWklPMwNbT7yMX4EqZany7mbeRRlSRwMzNzL5olyFdffHBZg==",
      "requires": {
        "@graphql-tools/merge": "8.3.1",
        "@graphql-tools/utils": "8.9.0",
        "tslib": "^2.4.0",
        "value-or-promise": "1.0.11"
      },
      "dependencies": {
        "@graphql-tools/utils": {
          "version": "8.9.0",
          "resolved": "https://registry.npmjs.org/@graphql-tools/utils/-/utils-8.9.0.tgz",
          "integrity": "sha512-pjJIWH0XOVnYGXCqej8g/u/tsfV4LvLlj0eATKQu5zwnxd/TiTHq7Cg313qUPTFFHZ3PP5wJ15chYVtLDwaymg==",
          "requires": {
            "tslib": "^2.4.0"
          }
        }
      }
    },
    "@graphql-tools/utils": {
      "version": "9.2.1",
      "resolved": "https://registry.npmjs.org/@graphql-tools/utils/-/utils-9.2.1.tgz",
      "integrity": "sha512-WUw506Ql6xzmOORlriNrD6Ugx+HjVgYxt9KCXD9mHAak+eaXSwuGGPyE60hy9xaDEoXKBsG7SkG69ybitaVl6A==",
      "requires": {
        "@graphql-typed-document-node/core": "^3.1.1",
        "tslib": "^2.4.0"
      }
    },
    "@graphql-typed-document-node/core": {
      "version": "3.2.0",
      "resolved": "https://registry.npmjs.org/@graphql-typed-document-node/core/-/core-3.2.0.tgz",
      "integrity": "sha512-mB9oAsNCm9aM3/SOv4YtBMqZbYj10R7dkq8byBqxGY/ncFwhf2oQzMV+LCRlWoDSEBJ3COiR1yeDvMtsoOsuFQ=="
    },
    "@josephg/resolvable": {
      "version": "1.0.1",
      "resolved": "https://registry.npmjs.org/@josephg/resolvable/-/resolvable-1.0.1.tgz",
      "integrity": "sha512-CtzORUwWTTOTqfVtHaKRJ0I1kNQd1bpn3sUh8I3nJDVY+5/M/Oe1DnEWzPQvqq/xPIIkzzzIP7mfCoAjFRvDhg=="
    },
    "@protobufjs/aspromise": {
      "version": "1.1.2",
      "resolved": "https://registry.npmjs.org/@protobufjs/aspromise/-/aspromise-1.1.2.tgz",
      "integrity": "sha512-j+gKExEuLmKwvz3OgROXtrJ2UG2x8Ch2YZUxahh+s1F2HZ+wAceUNLkvy6zKCPVRkU++ZWQrdxsUeQXmcg4uoQ=="
    },
    "@protobufjs/base64": {
      "version": "1.1.2",
      "resolved": "https://registry.npmjs.org/@protobufjs/base64/-/base64-1.1.2.tgz",
      "integrity": "sha512-AZkcAA5vnN/v4PDqKyMR5lx7hZttPDgClv83E//FMNhR2TMcLUhfRUBHCmSl0oi9zMgDDqRUJkSxO3wm85+XLg=="
    },
    "@protobufjs/codegen": {
      "version": "2.0.4",
      "resolved": "https://registry.npmjs.org/@protobufjs/codegen/-/codegen-2.0.4.tgz",
      "integrity": "sha512-YyFaikqM5sH0ziFZCN3xDC7zeGaB/d0IUb9CATugHWbd1FRFwWwt4ld4OYMPWu5a3Xe01mGAULCdqhMlPl29Jg=="
    },
    "@protobufjs/eventemitter": {
      "version": "1.1.0",
      "resolved": "https://registry.npmjs.org/@protobufjs/eventemitter/-/eventemitter-1.1.0.tgz",
      "integrity": "sha512-j9ednRT81vYJ9OfVuXG6ERSTdEL1xVsNgqpkxMsbIabzSo3goCjDIveeGv5d03om39ML71RdmrGNjG5SReBP/Q=="
    },
    "@protobufjs/fetch": {
      "version": "1.1.0",
      "resolved": "https://registry.npmjs.org/@protobufjs/fetch/-/fetch-1.1.0.tgz",
      "integrity": "sha512-lljVXpqXebpsijW71PZaCYeIcE5on1w5DlQy5WH6GLbFryLUrBD4932W/E2BSpfRJWseIL4v/KPgBFxDOIdKpQ==",
      "requires": {
        "@protobufjs/aspromise": "^1.1.1",
        "@protobufjs/inquire": "^1.1.0"
      }
    },
    "@protobufjs/float": {
      "version": "1.0.2",
      "resolved": "https://registry.npmjs.org/@protobufjs/float/-/float-1.0.2.tgz",
      "integrity": "sha512-Ddb+kVXlXst9d+R9PfTIxh1EdNkgoRe5tOX6t01f1lYWOvJnSPDBlG241QLzcyPdoNTsblLUdujGSE4RzrTZGQ=="
    },
    "@protobufjs/inquire": {
      "version": "1.1.0",
      "resolved": "https://registry.npmjs.org/@protobufjs/inquire/-/inquire-1.1.0.tgz",
      "integrity": "sha512-kdSefcPdruJiFMVSbn801t4vFK7KB/5gd2fYvrxhuJYg8ILrmn9SKSX2tZdV6V+ksulWqS7aXjBcRXl3wHoD9Q=="
    },
    "@protobufjs/path": {
      "version": "1.1.2",
      "resolved": "https://registry.npmjs.org/@protobufjs/path/-/path-1.1.2.tgz",
      "integrity": "sha512-6JOcJ5Tm08dOHAbdR3GrvP+yUUfkjG5ePsHYczMFLq3ZmMkAD98cDgcT2iA1lJ9NVwFd4tH/iSSoe44YWkltEA=="
    },
    "@protobufjs/pool": {
      "version": "1.1.0",
      "resolved": "https://registry.npmjs.org/@protobufjs/pool/-/pool-1.1.0.tgz",
      "integrity": "sha512-0kELaGSIDBKvcgS4zkjz1PeddatrjYcmMWOlAuAPwAeccUrPHdUqo/J6LiymHHEiJT5NrF1UVwxY14f+fy4WQw=="
    },
    "@protobufjs/utf8": {
      "version": "1.1.0",
      "resolved": "https://registry.npmjs.org/@protobufjs/utf8/-/utf8-1.1.0.tgz",
      "integrity": "sha512-Vvn3zZrhQZkkBE8LSuW3em98c0FwgO4nxzv6OdSxPKJIEKY2bGbHn+mhGIPerzI4twdxaP8/0+06HBpwf345Lw=="
    },
    "@types/long": {
      "version": "4.0.2",
      "resolved": "https://registry.npmjs.org/@types/long/-/long-4.0.2.tgz",
      "integrity": "sha512-MqTGEo5bj5t157U6fA/BiDynNkn0YknVdh48CMPkTSpFTVmvao5UQmm7uEF6xBEo7qIMAlY/JSleYaE6VOdpaA=="
    },
    "@types/node": {
      "version": "10.17.60",
      "resolved": "https://registry.npmjs.org/@types/node/-/node-10.17.60.tgz",
      "integrity": "sha512-F0KIgDJfy2nA3zMLmWGKxcH2ZVEtCZXHHdOQs2gSaQ27+lNeEfGxzkIw90aXswATX7AZ33tahPbzy6KAfUreVw=="
    },
    "apollo-datasource": {
      "version": "3.3.2",
      "resolved": "https://registry.npmjs.org/apollo-datasource/-/apollo-datasource-3.3.2.tgz",
      "integrity": "sha512-L5TiS8E2Hn/Yz7SSnWIVbZw0ZfEIXZCa5VUiVxD9P53JvSrf4aStvsFDlGWPvpIdCR+aly2CfoB79B9/JjKFqg==",
      "requires": {
        "@apollo/utils.keyvaluecache": "^1.0.1",
        "apollo-server-env": "^4.2.1"
      }
    },
    "apollo-datasource-rest": {
      "version": "3.7.0",
      "resolved": "https://registry.npmjs.org/apollo-datasource-rest/-/apollo-datasource-rest-3.7.0.tgz",
      "integrity": "sha512-MeORtXZtc9drAvsarAGAUI4GZKoYFVc1OXIvehIZ/6pJrOdKGziGbraos2s/A+u8mpNPfbpk7W6f7uKtmwV0AA==",
      "requires": {
        "@apollo/utils.keyvaluecache": "^1.0.1",
        "apollo-datasource": "^3.3.2",
        "apollo-server-env": "^4.2.1",
        "apollo-server-errors": "^3.3.1",
        "http-cache-semantics": "^4.1.0"
      }
    },
    "apollo-reporting-protobuf": {
      "version": "3.4.0",
      "resolved": "https://registry.npmjs.org/apollo-reporting-protobuf/-/apollo-reporting-protobuf-3.4.0.tgz",
      "integrity": "sha512-h0u3EbC/9RpihWOmcSsvTW2O6RXVaD/mPEjfrPkxRPTEPWqncsgOoRJw+wih4OqfH3PvTJvoEIf4LwKrUaqWog==",
      "requires": {
        "@apollo/protobufjs": "1.2.6"
      },
      "dependencies": {
        "@apollo/protobufjs": {
          "version": "1.2.6",
          "resolved": "https://registry.npmjs.org/@apollo/protobufjs/-/protobufjs-1.2.6.tgz",
          "integrity": "sha512-Wqo1oSHNUj/jxmsVp4iR3I480p6qdqHikn38lKrFhfzcDJ7lwd7Ck7cHRl4JE81tWNArl77xhnG/OkZhxKBYOw==",
          "requires": {
            "@protobufjs/aspromise": "^1.1.2",
            "@protobufjs/base64": "^1.1.2",
            "@protobufjs/codegen": "^2.0.4",
            "@protobufjs/eventemitter": "^1.1.0",
            "@protobufjs/fetch": "^1.1.0",
            "@protobufjs/float": "^1.0.2",
            "@protobufjs/inquire": "^1.1.0",
            "@protobufjs/path": "^1.1.2",
            "@protobufjs/pool": "^1.1.0",
            "@protobufjs/utf8": "^1.1.0",
            "@types/long": "^4.0.0",
            "@types/node": "^10.1.0",
            "long": "^4.0.0"
          }
        }
      }
    },
    "apollo-server-cloudflare": {
      "version": "3.13.0",
      "resolved": "https://registry.npmjs.org/apollo-server-cloudflare/-/apollo-server-cloudflare-3.13.0.tgz",
      "integrity": "sha512-qGJRDEkA+CdMTJRhvJgBUxmPxyHmq8uP8xm/HMo8k7BDuepcJCV7v6woGfPz3FEwhiZrDiFXqN+lqglBbF+xMQ==",
      "requires": {
        "apollo-server-core": "^3.13.0",
        "apollo-server-env": "^4.2.1",
        "apollo-server-types": "^3.8.0"
      }
    },
    "apollo-server-core": {
      "version": "3.13.0",
      "resolved": "https://registry.npmjs.org/apollo-server-core/-/apollo-server-core-3.13.0.tgz",
      "integrity": "sha512-v/g6DR6KuHn9DYSdtQijz8dLOkP78I5JSVJzPkARhDbhpH74QNwrQ2PP2URAPPEDJ2EeZNQDX8PvbYkAKqg+kg==",
      "requires": {
        "@apollo/utils.keyvaluecache": "^1.0.1",
        "@apollo/utils.logger": "^1.0.0",
        "@apollo/utils.usagereporting": "^1.0.0",
        "@apollographql/apollo-tools": "^0.5.3",
        "@apollographql/graphql-playground-html": "1.6.29",
        "@graphql-tools/mock": "^8.1.2",
        "@graphql-tools/schema": "^8.0.0",
        "@josephg/resolvable": "^1.0.0",
        "apollo-datasource": "^3.3.2",
        "apollo-reporting-protobuf": "^3.4.0",
        "apollo-server-env": "^4.2.1",
        "apollo-server-errors": "^3.3.1",
        "apollo-server-plugin-base": "^3.7.2",
        "apollo-server-types": "^3.8.0",
        "async-retry": "^1.2.1",
        "fast-json-stable-stringify": "^2.1.0",
        "graphql-tag": "^2.11.0",
        "loglevel": "^1.6.8",
        "lru-cache": "^6.0.0",
        "node-abort-controller": "^3.0.1",
        "sha.js": "^2.4.11",
        "uuid": "^9.0.0",
        "whatwg-mimetype": "^3.0.0"
      },
      "dependencies": {
        "lru-cache": {
          "version": "6.0.0",
          "resolved": "https://registry.npmjs.org/lru-cache/-/lru-cache-6.0.0.tgz",
          "integrity": "sha512-Jo6dJ04CmSjuznwJSS3pUeWmd/H0ffTlkXXgwZi+eq1UCmqQwCh+eLsYOYCwY991i2Fah4h1BEMCx4qThGbsiA==",
          "requires": {
            "yallist": "^4.0.0"
          }
        }
      }
    },
    "apollo-server-env": {
      "version": "4.2.1",
      "resolved": "https://registry.npmjs.org/apollo-server-env/-/apollo-server-env-4.2.1.tgz",
      "integrity": "sha512-vm/7c7ld+zFMxibzqZ7SSa5tBENc4B0uye9LTfjJwGoQFY5xsUPH5FpO5j0bMUDZ8YYNbrF9SNtzc5Cngcr90g==",
      "requires": {
        "node-fetch": "^2.6.7"
      }
    },
    "apollo-server-errors": {
      "version": "3.3.1",
      "resolved": "https://registry.npmjs.org/apollo-server-errors/-/apollo-server-errors-3.3.1.tgz",
      "integrity": "sha512-xnZJ5QWs6FixHICXHxUfm+ZWqqxrNuPlQ+kj5m6RtEgIpekOPssH/SD9gf2B4HuWV0QozorrygwZnux8POvyPA=="
    },
    "apollo-server-plugin-base": {
      "version": "3.7.2",
      "resolved": "https://registry.npmjs.org/apollo-server-plugin-base/-/apollo-server-plugin-base-3.7.2.tgz",
      "integrity": "sha512-wE8dwGDvBOGehSsPTRZ8P/33Jan6/PmL0y0aN/1Z5a5GcbFhDaaJCjK5cav6npbbGL2DPKK0r6MPXi3k3N45aw==",
      "requires": {
        "apollo-server-types": "^3.8.0"
      }
    },
    "apollo-server-types": {
      "version": "3.8.0",
      "resolved": "https://registry.npmjs.org/apollo-server-types/-/apollo-server-types-3.8.0.tgz",
      "integrity": "sha512-ZI/8rTE4ww8BHktsVpb91Sdq7Cb71rdSkXELSwdSR0eXu600/sY+1UXhTWdiJvk+Eq5ljqoHLwLbY2+Clq2b9A==",
      "requires": {
        "@apollo/utils.keyvaluecache": "^1.0.1",
        "@apollo/utils.logger": "^1.0.0",
        "apollo-reporting-protobuf": "^3.4.0",
        "apollo-server-env": "^4.2.1"
      }
    },
    "async-retry": {
      "version": "1.3.3",
      "resolved": "https://registry.npmjs.org/async-retry/-/async-retry-1.3.3.tgz",
      "integrity": "sha512-wfr/jstw9xNi/0teMHrRW7dsz3Lt5ARhYNZ2ewpadnhaIp5mbALhOAP+EAdsC7t4Z6wqsDVv9+W6gm1Dk9mEyw==",
      "requires": {
        "retry": "0.13.1"
      }
    },
    "commander": {
      "version": "2.20.3",
      "resolved": "https://registry.npmjs.org/commander/-/commander-2.20.3.tgz",
      "integrity": "sha512-GpVkmM8vF2vQUkj2LvZmD35JxeJOLCwJ9cUkugyk2nuhbv3+mJvpLYYt+0+USMxE+oj+ey/lJEnhZw75x/OMcQ=="
    },
    "cssfilter": {
      "version": "0.0.10",
      "resolved": "https://registry.npmjs.org/cssfilter/-/cssfilter-0.0.10.tgz",
      "integrity": "sha512-FAaLDaplstoRsDR8XGYH51znUN0UY7nMc6Z9/fvE8EXGwvJE9hu7W2vHwx1+bd6gCYnln9nLbzxFTrcO9YQDZw=="
    },
    "fast-json-stable-stringify": {
      "version": "2.1.0",
      "resolved": "https://registry.npmjs.org/fast-json-stable-stringify/-/fast-json-stable-stringify-2.1.0.tgz",
      "integrity": "sha512-lhd/wF+Lk98HZoTCtlVraHtfh5XYijIjalXck7saUtuanSDyLMxnHhSXEDJqHxD7msR8D0uCmqlkwjCV8xvwHw=="
    },
    "graphql": {
      "version": "14.7.0",
      "resolved": "https://registry.npmjs.org/graphql/-/graphql-14.7.0.tgz",
      "integrity": "sha512-l0xWZpoPKpppFzMfvVyFmp9vLN7w/ZZJPefUicMCepfJeQ8sMcztloGYY9DfjVPo6tIUDzU5Hw3MUbIjj9AVVA==",
      "requires": {
        "iterall": "^1.2.2"
      }
    },
    "graphql-tag": {
      "version": "2.12.6",
      "resolved": "https://registry.npmjs.org/graphql-tag/-/graphql-tag-2.12.6.tgz",
      "integrity": "sha512-FdSNcu2QQcWnM2VNvSCCDCVS5PpPqpzgFT8+GXzqJuoDd0CBncxCY278u4mhRO7tMgo2JjgJA5aZ+nWSQ/Z+xg==",
      "requires": {
        "tslib": "^2.1.0"
      }
    },
    "http-cache-semantics": {
      "version": "4.1.0",
      "resolved": "https://registry.npmjs.org/http-cache-semantics/-/http-cache-semantics-4.1.0.tgz",
      "integrity": "sha512-carPklcUh7ROWRK7Cv27RPtdhYhUsela/ue5/jKzjegVvXDqM2ILE9Q2BGn9JZJh1g87cp56su/FgQSzcWS8cQ=="
    },
    "inherits": {
      "version": "2.0.4",
      "resolved": "https://registry.npmjs.org/inherits/-/inherits-2.0.4.tgz",
      "integrity": "sha512-k/vGaX4/Yla3WzyMCvTQOXYeIHvqOKtnqBduzTHpzpQZzAskKMhZ2K+EnBiSM9zGSoIFeMpXKxa4dYeZIQqewQ=="
    },
    "iterall": {
      "version": "1.2.2",
      "resolved": "https://registry.npmjs.org/iterall/-/iterall-1.2.2.tgz",
      "integrity": "sha512-yynBb1g+RFUPY64fTrFv7nsjRrENBQJaX2UL+2Szc9REFrSNm1rpSXHGzhmAy7a9uv3vlvgBlXnf9RqmPH1/DA=="
    },
    "lodash.sortby": {
      "version": "4.7.0",
      "resolved": "https://registry.npmjs.org/lodash.sortby/-/lodash.sortby-4.7.0.tgz",
      "integrity": "sha512-HDWXG8isMntAyRF5vZ7xKuEvOhT4AhlRt/3czTSjvGUxjYCBVRQY48ViDHyfYz9VIoBkW4TMGQNapx+l3RUwdA=="
    },
    "loglevel": {
      "version": "1.9.1",
      "resolved": "https://registry.npmjs.org/loglevel/-/loglevel-1.9.1.tgz",
      "integrity": "sha512-hP3I3kCrDIMuRwAwHltphhDM1r8i55H33GgqjXbrisuJhF4kRhW1dNuxsRklp4bXl8DSdLaNLuiL4A/LWRfxvg=="
    },
    "long": {
      "version": "4.0.0",
      "resolved": "https://registry.npmjs.org/long/-/long-4.0.0.tgz",
      "integrity": "sha512-XsP+KhQif4bjX1kbuSiySJFNAehNxgLb6hPRGJ9QsUr8ajHkuXGdrHmFUTUUXhDwVX2R5bY4JNZEwbUiMhV+MA=="
    },
    "lru-cache": {
      "version": "7.13.1",
      "resolved": "https://registry.npmjs.org/lru-cache/-/lru-cache-7.13.1.tgz",
      "integrity": "sha512-CHqbAq7NFlW3RSnoWXLJBxCWaZVBrfa9UEHId2M3AW8iEBurbqduNexEUCGc3SHc6iCYXNJCDi903LajSVAEPQ=="
    },
    "node-abort-controller": {
      "version": "3.1.1",
      "resolved": "https://registry.npmjs.org/node-abort-controller/-/node-abort-controller-3.1.1.tgz",
      "integrity": "sha512-AGK2yQKIjRuqnc6VkX2Xj5d+QW8xZ87pa1UK6yA6ouUyuxfHuMP6umE5QK7UmTeOAymo+Zx1Fxiuw9rVx8taHQ=="
    },
    "node-fetch": {
      "version": "2.7.0",
      "resolved": "https://registry.npmjs.org/node-fetch/-/node-fetch-2.7.0.tgz",
      "integrity": "sha512-c4FRfUm/dbcWZ7U+1Wq0AwCyFL+3nt2bEw05wfxSz+DWpWsitgmSgYmy2dQdWyKC1694ELPqMs/YzUSNozLt8A==",
      "requires": {
        "whatwg-url": "^5.0.0"
      }
    },
    "retry": {
      "version": "0.13.1",
      "resolved": "https://registry.npmjs.org/retry/-/retry-0.13.1.tgz",
      "integrity": "sha512-XQBQ3I8W1Cge0Seh+6gjj03LbmRFWuoszgK9ooCpwYIrhhoO80pfq4cUkU5DkknwfOfFteRwlZ56PYOGYyFWdg=="
    },
    "safe-buffer": {
      "version": "5.2.1",
      "resolved": "https://registry.npmjs.org/safe-buffer/-/safe-buffer-5.2.1.tgz",
      "integrity": "sha512-rp3So07KcdmmKbGvgaNxQSJr7bGVSVk5S9Eq1F+ppbRo70+YeaDxkw5Dd8NPN+GD6bjnYm2VuPuCXmpuYvmCXQ=="
    },
    "sha.js": {
      "version": "2.4.11",
      "resolved": "https://registry.npmjs.org/sha.js/-/sha.js-2.4.11.tgz",
      "integrity": "sha512-QMEp5B7cftE7APOjk5Y6xgrbWu+WkLVQwk8JNjZ8nKRciZaByEW6MubieAiToS7+dwvrjGhH8jRXz3MVd0AYqQ==",
      "requires": {
        "inherits": "^2.0.1",
        "safe-buffer": "^5.0.1"
      }
    },
    "tr46": {
      "version": "0.0.3",
      "resolved": "https://registry.npmjs.org/tr46/-/tr46-0.0.3.tgz",
      "integrity": "sha512-N3WMsuqV66lT30CrXNbEjx4GEwlow3v6rr4mCcv6prnfwhS01rkgyFdjPNBYd9br7LpXV1+Emh01fHnq2Gdgrw=="
    },
    "tslib": {
      "version": "2.6.2",
      "resolved": "https://registry.npmjs.org/tslib/-/tslib-2.6.2.tgz",
      "integrity": "sha512-AEYxH93jGFPn/a2iVAwW87VuUIkR1FVUKB77NwMF7nBTDkDrrT/Hpt/IrCJ0QXhW27jTBDcf5ZY7w6RiqTMw2Q=="
    },
    "uuid": {
      "version": "9.0.1",
      "resolved": "https://registry.npmjs.org/uuid/-/uuid-9.0.1.tgz",
      "integrity": "sha512-b+1eJOlsR9K8HJpow9Ok3fiWOWSIcIzXodvv0rQjVoOVNpWMpxf1wZNpt4y9h10odCNrqnYp1OBzRktckBe3sA=="
    },
    "value-or-promise": {
      "version": "1.0.11",
      "resolved": "https://registry.npmjs.org/value-or-promise/-/value-or-promise-1.0.11.tgz",
      "integrity": "sha512-41BrgH+dIbCFXClcSapVs5M6GkENd3gQOJpEfPDNa71LsUGMXDL0jMWpI/Rh7WhX+Aalfz2TTS3Zt5pUsbnhLg=="
    },
    "webidl-conversions": {
      "version": "3.0.1",
      "resolved": "https://registry.npmjs.org/webidl-conversions/-/webidl-conversions-3.0.1.tgz",
      "integrity": "sha512-2JAn3z8AR6rjK8Sm8orRC0h/bcl/DqL7tRPdGZ4I1CjdF+EaMLmYxBHyXuKL849eucPFhvBoxMsflfOb8kxaeQ=="
    },
    "whatwg-mimetype": {
      "version": "3.0.0",
      "resolved": "https://registry.npmjs.org/whatwg-mimetype/-/whatwg-mimetype-3.0.0.tgz",
      "integrity": "sha512-nt+N2dzIutVRxARx1nghPKGv1xHikU7HKdfafKkLNLindmPU/ch3U31NOCGGA/dmPcmb1VlofO0vnKAcsm0o/Q=="
    },
    "whatwg-url": {
      "version": "5.0.0",
      "resolved": "https://registry.npmjs.org/whatwg-url/-/whatwg-url-5.0.0.tgz",
      "integrity": "sha512-saE57nupxk6v3HY35+jzBwYa0rKSy0XR8JSxZPwgLr7ys0IBzhGviA1/TUGJLmSVqs8pb9AnvICXEuOHLprYTw==",
      "requires": {
        "tr46": "~0.0.3",
        "webidl-conversions": "^3.0.0"
      }
    },
    "xss": {
      "version": "1.0.14",
      "resolved": "https://registry.npmjs.org/xss/-/xss-1.0.14.tgz",
      "integrity": "sha512-og7TEJhXvn1a7kzZGQ7ETjdQVS2UfZyTlsEdDOqvQF7GoxNfY+0YLCzBy1kPdsDDx4QuNAonQPddpsn6Xl/7sw==",
      "requires": {
        "commander": "^2.20.3",
        "cssfilter": "0.0.10"
      }
    },
    "yallist": {
      "version": "4.0.0",
      "resolved": "https://registry.npmjs.org/yallist/-/yallist-4.0.0.tgz",
      "integrity": "sha512-3wdGidZyq5PB084XLES5TpOSRA3wjXAlIWMhum2kRcv/41Sn2emQ0dycQW4uZXLejwKvg6EsvbdlVL+FYEct7A=="
    }
  }
}
